Microsoft Visual Studio Solution File, Format Version 12.00
# Visual Studio Version 16
VisualStudioVersion = 16.0.30621.155
MinimumVisualStudioVersion = 10.0.40219.1
Project("{9A19103F-16F7-4668-BE54-9A1E7A4F7556}") = "Server", "Server\Server.csproj", "{6D05938E-97C7-4646-B9A5-F3D4C94B3940}"
EndProject
Project("{9A19103F-16F7-4668-BE54-9A1E7A4F7556}") = "Client", "Client\Client.csproj", "{249FF2DE-930F-413D-BE6F-FF112F85EE21}"
EndProject
Project("{9A19103F-16F7-4668-BE54-9A1E7A4F7556}") = "PuppetMaster", "PuppetMaster\PuppetMaster.csproj", "{D8846E82-297F-40F1-9B62-F22B9AD9255E}"
	ProjectSection(ProjectDependencies) = postProject
		{6D05938E-97C7-4646-B9A5-F3D4C94B3940} = {6D05938E-97C7-4646-B9A5-F3D4C94B3940}
	EndProjectSection
EndProject
Project("{9A19103F-16F7-4668-BE54-9A1E7A4F7556}") = "PCS", "PCS\PCS.csproj", "{FC8127A3-36F0-4F22-967C-3596D71EF8EC}"
EndProject
Project("{2150E333-8FDC-42A3-9474-1A3956D46DE8}") = "Solution Items", "Solution Items", "{BCB23068-FD92-48CC-BAEE-2AD52DA84FBC}"
	ProjectSection(SolutionItems) = preProject
		PuppetMasterServices.proto = PuppetMasterServices.proto
		ServerClientServices.proto = ServerClientServices.proto
		ServerServerServices.proto = ServerServerServices.proto
	EndProjectSection
EndProject
Global
	GlobalSection(SolutionConfigurationPlatforms) = preSolution
		Debug|Any CPU = Debug|Any CPU
		Release|Any CPU = Release|Any CPU
	EndGlobalSection
	GlobalSection(ProjectConfigurationPlatforms) = postSolution
		{6D05938E-97C7-4646-B9A5-F3D4C94B3940}.Debug|Any CPU.ActiveCfg = Debug|Any CPU
		{6D05938E-97C7-4646-B9A5-F3D4C94B3940}.Debug|Any CPU.Build.0 = Debug|Any CPU
		{6D05938E-97C7-4646-B9A5-F3D4C94B3940}.Release|Any CPU.ActiveCfg = Release|Any CPU
		{6D05938E-97C7-4646-B9A5-F3D4C94B3940}.Release|Any CPU.Build.0 = Release|Any CPU
		{249FF2DE-930F-413D-BE6F-FF112F85EE21}.Debug|Any CPU.ActiveCfg = Debug|Any CPU
		{249FF2DE-930F-413D-BE6F-FF112F85EE21}.Debug|Any CPU.Build.0 = Debug|Any CPU
		{249FF2DE-930F-413D-BE6F-FF112F85EE21}.Release|Any CPU.ActiveCfg = Release|Any CPU
		{249FF2DE-930F-413D-BE6F-FF112F85EE21}.Release|Any CPU.Build.0 = Release|Any CPU
		{D8846E82-297F-40F1-9B62-F22B9AD9255E}.Debug|Any CPU.ActiveCfg = Debug|Any CPU
		{D8846E82-297F-40F1-9B62-F22B9AD9255E}.Debug|Any CPU.Build.0 = Debug|Any CPU
		{D8846E82-297F-40F1-9B62-F22B9AD9255E}.Release|Any CPU.ActiveCfg = Release|Any CPU
		{D8846E82-297F-40F1-9B62-F22B9AD9255E}.Release|Any CPU.Build.0 = Release|Any CPU
		{FC8127A3-36F0-4F22-967C-3596D71EF8EC}.Debug|Any CPU.ActiveCfg = Debug|Any CPU
		{FC8127A3-36F0-4F22-967C-3596D71EF8EC}.Debug|Any CPU.Build.0 = Debug|Any CPU
		{FC8127A3-36F0-4F22-967C-3596D71EF8EC}.Release|Any CPU.ActiveCfg = Release|Any CPU
		{FC8127A3-36F0-4F22-967C-3596D71EF8EC}.Release|Any CPU.Build.0 = Release|Any CPU
	EndGlobalSection
	GlobalSection(SolutionProperties) = preSolution
		HideSolutionNode = FALSE
	EndGlobalSection
	GlobalSection(ExtensibilityGlobals) = postSolution
		SolutionGuid = {F5828314-88C4-4FB9-8B25-ACB75861223C}
	EndGlobalSection
EndGlobal
