
Microsoft Visual Studio Solution File, Format Version 12.00
# Visual Studio Version 16
VisualStudioVersion = 16.0.808.2
MinimumVisualStudioVersion = 10.0.40219.1
Project("{FAE04EC0-301F-11D3-BF4B-00C04F79EFBC}") = "PuppetMaster", "PuppetMaster.csproj", "{F7877D58-5C6D-41A5-BD87-CD9A817C090C}"
EndProject
Global
	GlobalSection(SolutionConfigurationPlatforms) = preSolution
		Debug|Any CPU = Debug|Any CPU
		Release|Any CPU = Release|Any CPU
	EndGlobalSection
	GlobalSection(ProjectConfigurationPlatforms) = postSolution
		{F7877D58-5C6D-41A5-BD87-CD9A817C090C}.Debug|Any CPU.ActiveCfg = Debug|Any CPU
		{F7877D58-5C6D-41A5-BD87-CD9A817C090C}.Debug|Any CPU.Build.0 = Debug|Any CPU
		{F7877D58-5C6D-41A5-BD87-CD9A817C090C}.Release|Any CPU.ActiveCfg = Release|Any CPU
		{F7877D58-5C6D-41A5-BD87-CD9A817C090C}.Release|Any CPU.Build.0 = Release|Any CPU
	EndGlobalSection
	GlobalSection(SolutionProperties) = preSolution
		HideSolutionNode = FALSE
	EndGlobalSection
	GlobalSection(ExtensibilityGlobals) = postSolution
		SolutionGuid = {B479F179-893C-49BC-92FA-7FCF6299733F}
	EndGlobalSection
EndGlobal
